
Microsoft Visual Studio Solution File, Format Version 12.00
# Visual Studio Version 17
VisualStudioVersion = 17.6.33723.286
MinimumVisualStudioVersion = 10.0.40219.1
Project("{FAE04EC0-301F-11D3-BF4B-00C04F79EFBC}") = "SendMessage", "SendMessage.csproj", "{BB9BB0B2-8E67-46FF-AF48-08358ACBEF25}"
EndProject
Global
	GlobalSection(SolutionConfigurationPlatforms) = preSolution
		Debug|Any CPU = Debug|Any CPU
		Release|Any CPU = Release|Any CPU
	EndGlobalSection
	GlobalSection(ProjectConfigurationPlatforms) = postSolution
		{BB9BB0B2-8E67-46FF-AF48-08358ACBEF25}.Debug|Any CPU.ActiveCfg = Debug|Any CPU
		{BB9BB0B2-8E67-46FF-AF48-08358ACBEF25}.Debug|Any CPU.Build.0 = Debug|Any CPU
		{BB9BB0B2-8E67-46FF-AF48-08358ACBEF25}.Release|Any CPU.ActiveCfg = Release|Any CPU
		{BB9BB0B2-8E67-46FF-AF48-08358ACBEF25}.Release|Any CPU.Build.0 = Release|Any CPU
	EndGlobalSection
	GlobalSection(SolutionProperties) = preSolution
		HideSolutionNode = FALSE
	EndGlobalSection
	GlobalSection(ExtensibilityGlobals) = postSolution
		SolutionGuid = {92DEFEF1-8849-4D8A-A4D2-5F3610C84F60}
	EndGlobalSection
EndGlobal
